
Microsoft Visual Studio Solution File, Format Version 12.00
# Visual Studio 14
VisualStudioVersion = 14.0.24720.0
MinimumVisualStudioVersion = 10.0.40219.1
Project("{9092AA53-FB77-4645-B42D-1CCCA6BD08BD}") = "NodeAngularTypeScript", "NodeAngularTypeScript\NodeAngularTypeScript.njsproj", "{AD4EABCE-B729-4EA7-8BCD-B9A46AF8AABE}"
EndProject
Global
	GlobalSection(SolutionConfigurationPlatforms) = preSolution
		Debug|Any CPU = Debug|Any CPU
		Release|Any CPU = Release|Any CPU
	EndGlobalSection
	GlobalSection(ProjectConfigurationPlatforms) = postSolution
		{AD4EABCE-B729-4EA7-8BCD-B9A46AF8AABE}.Debug|Any CPU.ActiveCfg = Debug|Any CPU
		{AD4EABCE-B729-4EA7-8BCD-B9A46AF8AABE}.Debug|Any CPU.Build.0 = Debug|Any CPU
		{AD4EABCE-B729-4EA7-8BCD-B9A46AF8AABE}.Release|Any CPU.ActiveCfg = Release|Any CPU
		{AD4EABCE-B729-4EA7-8BCD-B9A46AF8AABE}.Release|Any CPU.Build.0 = Release|Any CPU
	EndGlobalSection
	GlobalSection(SolutionProperties) = preSolution
		HideSolutionNode = FALSE
	EndGlobalSection
EndGlobal
