
Microsoft Visual Studio Solution File, Format Version 12.00
# Visual Studio 14
VisualStudioVersion = 14.0.25123.0
MinimumVisualStudioVersion = 10.0.40219.1
Project("{9092AA53-FB77-4645-B42D-1CCCA6BD08BD}") = "JSTestsMochaSinonChai", "JSTestsMochaSinonChai\JSTestsMochaSinonChai.njsproj", "{63AC4EEB-E01A-4990-BBD7-B1D08FDD7C84}"
EndProject
Global
	GlobalSection(SolutionConfigurationPlatforms) = preSolution
		Debug|Any CPU = Debug|Any CPU
		Release|Any CPU = Release|Any CPU
	EndGlobalSection
	GlobalSection(ProjectConfigurationPlatforms) = postSolution
		{63AC4EEB-E01A-4990-BBD7-B1D08FDD7C84}.Debug|Any CPU.ActiveCfg = Debug|Any CPU
		{63AC4EEB-E01A-4990-BBD7-B1D08FDD7C84}.Debug|Any CPU.Build.0 = Debug|Any CPU
		{63AC4EEB-E01A-4990-BBD7-B1D08FDD7C84}.Release|Any CPU.ActiveCfg = Release|Any CPU
		{63AC4EEB-E01A-4990-BBD7-B1D08FDD7C84}.Release|Any CPU.Build.0 = Release|Any CPU
	EndGlobalSection
	GlobalSection(SolutionProperties) = preSolution
		HideSolutionNode = FALSE
	EndGlobalSection
EndGlobal
