
Microsoft Visual Studio Solution File, Format Version 12.00
# Visual Studio 14
VisualStudioVersion = 14.0.24720.0
MinimumVisualStudioVersion = 10.0.40219.1
Project("{9092AA53-FB77-4645-B42D-1CCCA6BD08BD}") = "CarManufacturers", "CarManufacturers\CarManufacturers.njsproj", "{389A8D69-A5DC-49BD-A0DC-15F11C106AC7}"
EndProject
Global
	GlobalSection(SolutionConfigurationPlatforms) = preSolution
		Debug|Any CPU = Debug|Any CPU
		Release|Any CPU = Release|Any CPU
	EndGlobalSection
	GlobalSection(ProjectConfigurationPlatforms) = postSolution
		{389A8D69-A5DC-49BD-A0DC-15F11C106AC7}.Debug|Any CPU.ActiveCfg = Debug|Any CPU
		{389A8D69-A5DC-49BD-A0DC-15F11C106AC7}.Debug|Any CPU.Build.0 = Debug|Any CPU
		{389A8D69-A5DC-49BD-A0DC-15F11C106AC7}.Release|Any CPU.ActiveCfg = Release|Any CPU
		{389A8D69-A5DC-49BD-A0DC-15F11C106AC7}.Release|Any CPU.Build.0 = Release|Any CPU
	EndGlobalSection
	GlobalSection(SolutionProperties) = preSolution
		HideSolutionNode = FALSE
	EndGlobalSection
EndGlobal
